
Microsoft Visual Studio Solution File, Format Version 12.00
# Visual Studio Express 2012 for Web
Project("{FAE04EC0-301F-11D3-BF4B-00C04F79EFBC}") = "ServiceNowWebService", "ServiceNowWebService\ServiceNowWebService.csproj", "{D2787D56-3E67-40CE-A472-729F9EA3B41A}"
EndProject
Global
	GlobalSection(SolutionConfigurationPlatforms) = preSolution
		Debug|Any CPU = Debug|Any CPU
		Release|Any CPU = Release|Any CPU
	EndGlobalSection
	GlobalSection(ProjectConfigurationPlatforms) = postSolution
		{D2787D56-3E67-40CE-A472-729F9EA3B41A}.Debug|Any CPU.ActiveCfg = Debug|Any CPU
		{D2787D56-3E67-40CE-A472-729F9EA3B41A}.Debug|Any CPU.Build.0 = Debug|Any CPU
		{D2787D56-3E67-40CE-A472-729F9EA3B41A}.Release|Any CPU.ActiveCfg = Release|Any CPU
		{D2787D56-3E67-40CE-A472-729F9EA3B41A}.Release|Any CPU.Build.0 = Release|Any CPU
	EndGlobalSection
	GlobalSection(SolutionProperties) = preSolution
		HideSolutionNode = FALSE
	EndGlobalSection
EndGlobal
